
Microsoft Visual Studio Solution File, Format Version 12.00
# Visual Studio Version 17
VisualStudioVersion = 17.3.32804.467
MinimumVisualStudioVersion = 10.0.40219.1
Project("{FAE04EC0-301F-11D3-BF4B-00C04F79EFBC}") = "ProjectEuler", "ProjectEuler\ProjectEuler.csproj", "{99C8D319-0DB5-46F8-9E65-D1107330D657}"
EndProject
Project("{FAE04EC0-301F-11D3-BF4B-00C04F79EFBC}") = "UnitTests", "UnitTests\UnitTests.csproj", "{0A244A3A-7774-40D0-B490-910A58FCC2C6}"
EndProject
Global
	GlobalSection(SolutionConfigurationPlatforms) = preSolution
		Debug|Any CPU = Debug|Any CPU
		Release|Any CPU = Release|Any CPU
	EndGlobalSection
	GlobalSection(ProjectConfigurationPlatforms) = postSolution
		{99C8D319-0DB5-46F8-9E65-D1107330D657}.Debug|Any CPU.ActiveCfg = Debug|Any CPU
		{99C8D319-0DB5-46F8-9E65-D1107330D657}.Debug|Any CPU.Build.0 = Debug|Any CPU
		{99C8D319-0DB5-46F8-9E65-D1107330D657}.Release|Any CPU.ActiveCfg = Release|Any CPU
		{99C8D319-0DB5-46F8-9E65-D1107330D657}.Release|Any CPU.Build.0 = Release|Any CPU
		{0A244A3A-7774-40D0-B490-910A58FCC2C6}.Debug|Any CPU.ActiveCfg = Debug|Any CPU
		{0A244A3A-7774-40D0-B490-910A58FCC2C6}.Debug|Any CPU.Build.0 = Debug|Any CPU
		{0A244A3A-7774-40D0-B490-910A58FCC2C6}.Release|Any CPU.ActiveCfg = Release|Any CPU
		{0A244A3A-7774-40D0-B490-910A58FCC2C6}.Release|Any CPU.Build.0 = Release|Any CPU
	EndGlobalSection
	GlobalSection(SolutionProperties) = preSolution
		HideSolutionNode = FALSE
	EndGlobalSection
	GlobalSection(ExtensibilityGlobals) = postSolution
		SolutionGuid = {37A45A89-A57D-4982-85B9-C41AB0E21C98}
	EndGlobalSection
EndGlobal
